
Microsoft Visual Studio Solution File, Format Version 12.00
# Visual Studio 15
VisualStudioVersion = 15.0.28307.902
MinimumVisualStudioVersion = 10.0.40219.1
Project("{FAE04EC0-301F-11D3-BF4B-00C04F79EFBC}") = "ObserverDesignPattern", "ObserverDesignPattern\ObserverDesignPattern.csproj", "{F547DF00-F4BD-472B-9F5B-0563C4387A32}"
EndProject
Project("{FAE04EC0-301F-11D3-BF4B-00C04F79EFBC}") = "FactoryDisagnePatten", "FactoryDisagnePatten\FactoryDisagnePatten.csproj", "{D53B006E-EBAD-43B0-8BEB-3FAED3374FF7}"
EndProject
Project("{FAE04EC0-301F-11D3-BF4B-00C04F79EFBC}") = "AbstractFactoryDesign", "AbstractFactoryDesign\AbstractFactoryDesign.csproj", "{060EC75A-F35B-434B-A5B3-0C6E529BB32A}"
EndProject
Global
	GlobalSection(SolutionConfigurationPlatforms) = preSolution
		Debug|Any CPU = Debug|Any CPU
		Release|Any CPU = Release|Any CPU
	EndGlobalSection
	GlobalSection(ProjectConfigurationPlatforms) = postSolution
		{F547DF00-F4BD-472B-9F5B-0563C4387A32}.Debug|Any CPU.ActiveCfg = Debug|Any CPU
		{F547DF00-F4BD-472B-9F5B-0563C4387A32}.Debug|Any CPU.Build.0 = Debug|Any CPU
		{F547DF00-F4BD-472B-9F5B-0563C4387A32}.Release|Any CPU.ActiveCfg = Release|Any CPU
		{F547DF00-F4BD-472B-9F5B-0563C4387A32}.Release|Any CPU.Build.0 = Release|Any CPU
		{D53B006E-EBAD-43B0-8BEB-3FAED3374FF7}.Debug|Any CPU.ActiveCfg = Debug|Any CPU
		{D53B006E-EBAD-43B0-8BEB-3FAED3374FF7}.Debug|Any CPU.Build.0 = Debug|Any CPU
		{D53B006E-EBAD-43B0-8BEB-3FAED3374FF7}.Release|Any CPU.ActiveCfg = Release|Any CPU
		{D53B006E-EBAD-43B0-8BEB-3FAED3374FF7}.Release|Any CPU.Build.0 = Release|Any CPU
		{060EC75A-F35B-434B-A5B3-0C6E529BB32A}.Debug|Any CPU.ActiveCfg = Debug|Any CPU
		{060EC75A-F35B-434B-A5B3-0C6E529BB32A}.Debug|Any CPU.Build.0 = Debug|Any CPU
		{060EC75A-F35B-434B-A5B3-0C6E529BB32A}.Release|Any CPU.ActiveCfg = Release|Any CPU
		{060EC75A-F35B-434B-A5B3-0C6E529BB32A}.Release|Any CPU.Build.0 = Release|Any CPU
	EndGlobalSection
	GlobalSection(SolutionProperties) = preSolution
		HideSolutionNode = FALSE
	EndGlobalSection
	GlobalSection(ExtensibilityGlobals) = postSolution
		SolutionGuid = {6CE6E0F0-390C-404F-BC9E-DF0400578916}
	EndGlobalSection
EndGlobal
